// !$*UTF8*$!
{
	archiveVersion = 1;
	classes = {
	};
	objectVersion = 50;
	objects = {

/* Begin PBXBuildFile section */
		BFEB113A20D94B74009475E7 /* AppDelegate.swift in Sources */ = {isa = PBXBuildFile; fileRef = BFEB113920D94B74009475E7 /* AppDelegate.swift */; };
		BFEB113C20D94B74009475E7 /* ViewController.swift in Sources */ = {isa = PBXBuildFile; fileRef = BFEB113B20D94B74009475E7 /* ViewController.swift */; };
		BFEB113F20D94B74009475E7 /* Main.storyboard in Resources */ = {isa = PBXBuildFile; fileRef = BFEB113D20D94B74009475E7 /* Main.storyboard */; };
		BFEB114120D94B75009475E7 /* Assets.xcassets in Resources */ = {isa = PBXBuildFile; fileRef = BFEB114020D94B75009475E7 /* Assets.xcassets */; };
		BFEB114420D94B75009475E7 /* LaunchScreen.storyboard in Resources */ = {isa = PBXBuildFile; fileRef = BFEB114220D94B75009475E7 /* LaunchScreen.storyboard */; };
		BFEB114D20D94CD3009475E7 /* CurrentPersonView.swift in Sources */ = {isa = PBXBuildFile; fileRef = BFEB114C20D94CD3009475E7 /* CurrentPersonView.swift */; };
		BFEB114F20D94DD6009475E7 /* Extension-UIColor.swift in Sources */ = {isa = PBXBuildFile; fileRef = BFEB114E20D94DD6009475E7 /* Extension-UIColor.swift */; };
/* End PBXBuildFile section */

/* Begin PBXFileReference section */
		BFEB113620D94B74009475E7 /* KioskProject-Tablet.app */ = {isa = PBXFileReference; explicitFileType = wrapper.application; includeInIndex = 0; path = "KioskProject-Tablet.app"; sourceTree = BUILT_PRODUCTS_DIR; };
		BFEB113920D94B74009475E7 /* AppDelegate.swift */ = {isa = PBXFileReference; lastKnownFileType = sourcecode.swift; path = AppDelegate.swift; sourceTree = "<group>"; };
		BFEB113B20D94B74009475E7 /* ViewController.swift */ = {isa = PBXFileReference; lastKnownFileType = sourcecode.swift; path = ViewController.swift; sourceTree = "<group>"; };
		BFEB113E20D94B74009475E7 /* Base */ = {isa = PBXFileReference; lastKnownFileType = file.storyboard; name = Base; path = Base.lproj/Main.storyboard; sourceTree = "<group>"; };
		BFEB114020D94B75009475E7 /* Assets.xcassets */ = {isa = PBXFileReference; lastKnownFileType = folder.assetcatalog; path = Assets.xcassets; sourceTree = "<group>"; };
		BFEB114320D94B75009475E7 /* Base */ = {isa = PBXFileReference; lastKnownFileType = file.storyboard; name = Base; path = Base.lproj/LaunchScreen.storyboard; sourceTree = "<group>"; };
		BFEB114520D94B75009475E7 /* Info.plist */ = {isa = PBXFileReference; lastKnownFileType = text.plist.xml; path = Info.plist; sourceTree = "<group>"; };
		BFEB114C20D94CD3009475E7 /* CurrentPersonView.swift */ = {isa = PBXFileReference; lastKnownFileType = sourcecode.swift; path = CurrentPersonView.swift; sourceTree = "<group>"; };
		BFEB114E20D94DD6009475E7 /* Extension-UIColor.swift */ = {isa = PBXFileReference; lastKnownFileType = sourcecode.swift; path = "Extension-UIColor.swift"; sourceTree = "<group>"; };
/* End PBXFileReference section */

/* Begin PBXFrameworksBuildPhase section */
		BFEB113320D94B74009475E7 /* Frameworks */ = {
			isa = PBXFrameworksBuildPhase;
			buildActionMask = 2147483647;
			files = (
			);
			runOnlyForDeploymentPostprocessing = 0;
		};
/* End PBXFrameworksBuildPhase section */

/* Begin PBXGroup section */
		BFEB112D20D94B73009475E7 = {
			isa = PBXGroup;
			children = (
				BFEB113820D94B74009475E7 /* KioskProject-Tablet */,
				BFEB113720D94B74009475E7 /* Products */,
			);
			sourceTree = "<group>";
		};
		BFEB113720D94B74009475E7 /* Products */ = {
			isa = PBXGroup;
			children = (
				BFEB113620D94B74009475E7 /* KioskProject-Tablet.app */,
			);
			name = Products;
			sourceTree = "<group>";
		};
		BFEB113820D94B74009475E7 /* KioskProject-Tablet */ = {
			isa = PBXGroup;
			children = (
				BFEB113B20D94B74009475E7 /* ViewController.swift */,
				BFEB114C20D94CD3009475E7 /* CurrentPersonView.swift */,
				BFEB114E20D94DD6009475E7 /* Extension-UIColor.swift */,
				BFEB114B20D94C90009475E7 /* Important Stuff */,
			);
			path = "KioskProject-Tablet";
			sourceTree = "<group>";
		};
		BFEB114B20D94C90009475E7 /* Important Stuff */ = {
			isa = PBXGroup;
			children = (
				BFEB113D20D94B74009475E7 /* Main.storyboard */,
				BFEB114020D94B75009475E7 /* Assets.xcassets */,
				BFEB113920D94B74009475E7 /* AppDelegate.swift */,
				BFEB114220D94B75009475E7 /* LaunchScreen.storyboard */,
				BFEB114520D94B75009475E7 /* Info.plist */,
			);
			path = "Important Stuff";
			sourceTree = "<group>";
		};
/* End PBXGroup section */

/* Begin PBXNativeTarget section */
		BFEB113520D94B74009475E7 /* KioskProject-Tablet */ = {
			isa = PBXNativeTarget;
			buildConfigurationList = BFEB114820D94B75009475E7 /* Build configuration list for PBXNativeTarget "KioskProject-Tablet" */;
			buildPhases = (
				BFEB113220D94B74009475E7 /* Sources */,
				BFEB113320D94B74009475E7 /* Frameworks */,
				BFEB113420D94B74009475E7 /* Resources */,
			);
			buildRules = (
			);
			dependencies = (
			);
			name = "KioskProject-Tablet";
			productName = "KioskProject-Tablet";
			productReference = BFEB113620D94B74009475E7 /* KioskProject-Tablet.app */;
			productType = "com.apple.product-type.application";
		};
/* End PBXNativeTarget section */

/* Begin PBXProject section */
		BFEB112E20D94B73009475E7 /* Project object */ = {
			isa = PBXProject;
			attributes = {
				LastSwiftUpdateCheck = 0940;
				LastUpgradeCheck = 0940;
				ORGANIZATIONNAME = "alden lamp";
				TargetAttributes = {
					BFEB113520D94B74009475E7 = {
						CreatedOnToolsVersion = 9.4;
					};
				};
			};
			buildConfigurationList = BFEB113120D94B73009475E7 /* Build configuration list for PBXProject "KioskProject-Tablet" */;
			compatibilityVersion = "Xcode 9.3";
			developmentRegion = en;
			hasScannedForEncodings = 0;
			knownRegions = (
				en,
				Base,
			);
			mainGroup = BFEB112D20D94B73009475E7;
			productRefGroup = BFEB113720D94B74009475E7 /* Products */;
			projectDirPath = "";
			projectRoot = "";
			targets = (
				BFEB113520D94B74009475E7 /* KioskProject-Tablet */,
			);
		};
/* End PBXProject section */

/* Begin PBXResourcesBuildPhase section */
		BFEB113420D94B74009475E7 /* Resources */ = {
			isa = PBXResourcesBuildPhase;
			buildActionMask = 2147483647;
			files = (
				BFEB114420D94B75009475E7 /* LaunchScreen.storyboard in Resources */,
				BFEB114120D94B75009475E7 /* Assets.xcassets in Resources */,
				BFEB113F20D94B74009475E7 /* Main.storyboard in Resources */,
			);
			runOnlyForDeploymentPostprocessing = 0;
		};
/* End PBXResourcesBuildPhase section */

/* Begin PBXSourcesBuildPhase section */
		BFEB113220D94B74009475E7 /* Sources */ = {
			isa = PBXSourcesBuildPhase;
			buildActionMask = 2147483647;
			files = (
				BFEB114D20D94CD3009475E7 /* CurrentPersonView.swift in Sources */,
				BFEB114F20D94DD6009475E7 /* Extension-UIColor.swift in Sources */,
				BFEB113C20D94B74009475E7 /* ViewController.swift in Sources */,
				BFEB113A20D94B74009475E7 /* AppDelegate.swift in Sources */,
			);
			runOnlyForDeploymentPostprocessing = 0;
		};
/* End PBXSourcesBuildPhase section */

/* Begin PBXVariantGroup section */
		BFEB113D20D94B74009475E7 /* Main.storyboard */ = {
			isa = PBXVariantGroup;
			children = (
				BFEB113E20D94B74009475E7 /* Base */,
			);
			name = Main.storyboard;
			sourceTree = "<group>";
		};
		BFEB114220D94B75009475E7 /* LaunchScreen.storyboard */ = {
			isa = PBXVariantGroup;
			children = (
				BFEB114320D94B75009475E7 /* Base */,
			);
			name = LaunchScreen.storyboard;
			sourceTree = "<group>";
		};
/* End PBXVariantGroup section */

/* Begin XCBuildConfiguration section */
		BFEB114620D94B75009475E7 /* Debug */ = {
			isa = XCBuildConfiguration;
			buildSettings = {
				ALWAYS_SEARCH_USER_PATHS = NO;
				CLANG_ANALYZER_NONNULL = YES;
				CLANG_ANALYZER_NUMBER_OBJECT_CONVERSION = YES_AGGRESSIVE;
				CLANG_CXX_LANGUAGE_STANDARD = "gnu++14";
				CLANG_CXX_LIBRARY = "libc++";
				CLANG_ENABLE_MODULES = YES;
				CLANG_ENABLE_OBJC_ARC = YES;
				CLANG_ENABLE_OBJC_WEAK = YES;
				CLANG_WARN_BLOCK_CAPTURE_AUTORELEASING = YES;
				CLANG_WARN_BOOL_CONVERSION = YES;
				CLANG_WARN_COMMA = YES;
				CLANG_WARN_CONSTANT_CONVERSION = YES;
				CLANG_WARN_DEPRECATED_OBJC_IMPLEMENTATIONS = YES;
				CLANG_WARN_DIRECT_OBJC_ISA_USAGE = YES_ERROR;
				CLANG_WARN_DOCUMENTATION_COMMENTS = YES;
				CLANG_WARN_EMPTY_BODY = YES;
				CLANG_WARN_ENUM_CONVERSION = YES;
				CLANG_WARN_INFINITE_RECURSION = YES;
				CLANG_WARN_INT_CONVERSION = YES;
				CLANG_WARN_NON_LITERAL_NULL_CONVERSION = YES;
				CLANG_WARN_OBJC_IMPLICIT_RETAIN_SELF = YES;
				CLANG_WARN_OBJC_LITERAL_CONVERSION = YES;
				CLANG_WARN_OBJC_ROOT_CLASS = YES_ERROR;
				CLANG_WARN_RANGE_LOOP_ANALYSIS = YES;
				CLANG_WARN_STRICT_PROTOTYPES = YES;
				CLANG_WARN_SUSPICIOUS_MOVE = YES;
				CLANG_WARN_UNGUARDED_AVAILABILITY = YES_AGGRESSIVE;
				CLANG_WARN_UNREACHABLE_CODE = YES;
				CLANG_WARN__DUPLICATE_METHOD_MATCH = YES;
				CODE_SIGN_IDENTITY = "iPhone Developer";
				COPY_PHASE_STRIP = NO;
				DEBUG_INFORMATION_FORMAT = dwarf;
				ENABLE_STRICT_OBJC_MSGSEND = YES;
				ENABLE_TESTABILITY = YES;
				GCC_C_LANGUAGE_STANDARD = gnu11;
				GCC_DYNAMIC_NO_PIC = NO;
				GCC_NO_COMMON_BLOCKS = YES;
				GCC_OPTIMIZATION_LEVEL = 0;
				GCC_PREPROCESSOR_DEFINITIONS = (
					"DEBUG=1",
					"$(inherited)",
				);
				GCC_WARN_64_TO_32_BIT_CONVERSION = YES;
				GCC_WARN_ABOUT_RETURN_TYPE = YES_ERROR;
				GCC_WARN_UNDECLARED_SELECTOR = YES;
				GCC_WARN_UNINITIALIZED_AUTOS = YES_AGGRESSIVE;
				GCC_WARN_UNUSED_FUNCTION = YES;
				GCC_WARN_UNUSED_VARIABLE = YES;
				IPHONEOS_DEPLOYMENT_TARGET = 11.4;
				MTL_ENABLE_DEBUG_INFO = YES;
				ONLY_ACTIVE_ARCH = YES;
				SDKROOT = iphoneos;
				SWIFT_ACTIVE_COMPILATION_CONDITIONS = DEBUG;
				SWIFT_OPTIMIZATION_LEVEL = "-Onone";
			};
			name = Debug;
		};
		BFEB114720D94B75009475E7 /* Release */ = {
			isa = XCBuildConfiguration;
			buildSettings = {
				ALWAYS_SEARCH_USER_PATHS = NO;
				CLANG_ANALYZER_NONNULL = YES;
				CLANG_ANALYZER_NUMBER_OBJECT_CONVERSION = YES_AGGRESSIVE;
				CLANG_CXX_LANGUAGE_STANDARD = "gnu++14";
				CLANG_CXX_LIBRARY = "libc++";
				CLANG_ENABLE_MODULES = YES;
				CLANG_ENABLE_OBJC_ARC = YES;
				CLANG_ENABLE_OBJC_WEAK = YES;
				CLANG_WARN_BLOCK_CAPTURE_AUTORELEASING = YES;
				CLANG_WARN_BOOL_CONVERSION = YES;
				CLANG_WARN_COMMA = YES;
				CLANG_WARN_CONSTANT_CONVERSION = YES;
				CLANG_WARN_DEPRECATED_OBJC_IMPLEMENTATIONS = YES;
				CLANG_WARN_DIRECT_OBJC_ISA_USAGE = YES_ERROR;
				CLANG_WARN_DOCUMENTATION_COMMENTS = YES;
				CLANG_WARN_EMPTY_BODY = YES;
				CLANG_WARN_ENUM_CONVERSION = YES;
				CLANG_WARN_INFINITE_RECURSION = YES;
				CLANG_WARN_INT_CONVERSION = YES;
				CLANG_WARN_NON_LITERAL_NULL_CONVERSION = YES;
				CLANG_WARN_OBJC_IMPLICIT_RETAIN_SELF = YES;
				CLANG_WARN_OBJC_LITERAL_CONVERSION = YES;
				CLANG_WARN_OBJC_ROOT_CLASS = YES_ERROR;
				CLANG_WARN_RANGE_LOOP_ANALYSIS = YES;
				CLANG_WARN_STRICT_PROTOTYPES = YES;
				CLANG_WARN_SUSPICIOUS_MOVE = YES;
				CLANG_WARN_UNGUARDED_AVAILABILITY = YES_AGGRESSIVE;
				CLANG_WARN_UNREACHABLE_CODE = YES;
				CLANG_WARN__DUPLICATE_METHOD_MATCH = YES;
				CODE_SIGN_IDENTITY = "iPhone Developer";
				COPY_PHASE_STRIP = NO;
				DEBUG_INFORMATION_FORMAT = "dwarf-with-dsym";
				ENABLE_NS_ASSERTIONS = NO;
				ENABLE_STRICT_OBJC_MSGSEND = YES;
				GCC_C_LANGUAGE_STANDARD = gnu11;
				GCC_NO_COMMON_BLOCKS = YES;
				GCC_WARN_64_TO_32_BIT_CONVERSION = YES;
				GCC_WARN_ABOUT_RETURN_TYPE = YES_ERROR;
				GCC_WARN_UNDECLARED_SELECTOR = YES;
				GCC_WARN_UNINITIALIZED_AUTOS = YES_AGGRESSIVE;
				GCC_WARN_UNUSED_FUNCTION = YES;
				GCC_WARN_UNUSED_VARIABLE = YES;
				IPHONEOS_DEPLOYMENT_TARGET = 11.4;
				MTL_ENABLE_DEBUG_INFO = NO;
				SDKROOT = iphoneos;
				SWIFT_COMPILATION_MODE = wholemodule;
				SWIFT_OPTIMIZATION_LEVEL = "-O";
				VALIDATE_PRODUCT = YES;
			};
			name = Release;
		};
		BFEB114920D94B75009475E7 /* Debug */ = {
			isa = XCBuildConfiguration;
			buildSettings = {
				ASSETCATALOG_COMPILER_APPICON_NAME = AppIcon;
				CODE_SIGN_STYLE = Automatic;
				DEVELOPMENT_TEAM = 9XWYL3K4YT;
				INFOPLIST_FILE = "KioskProject-Tablet/Info.plist";
				LD_RUNPATH_SEARCH_PATHS = (
					"$(inherited)",
					"@executable_path/Frameworks",
				);
				PRODUCT_BUNDLE_IDENTIFIER = "com.Isotonic.KioskProject-Tablet";
				PRODUCT_NAME = "$(TARGET_NAME)";
				SWIFT_VERSION = 4.0;
				TARGETED_DEVICE_FAMILY = "1,2";
			};
			name = Debug;
		};
		BFEB114A20D94B75009475E7 /* Release */ = {
			isa = XCBuildConfiguration;
			buildSettings = {
				ASSETCATALOG_COMPILER_APPICON_NAME = AppIcon;
				CODE_SIGN_STYLE = Automatic;
				DEVELOPMENT_TEAM = 9XWYL3K4YT;
				INFOPLIST_FILE = "KioskProject-Tablet/Info.plist";
				LD_RUNPATH_SEARCH_PATHS = (
					"$(inherited)",
					"@executable_path/Frameworks",
				);
				PRODUCT_BUNDLE_IDENTIFIER = "com.Isotonic.KioskProject-Tablet";
				PRODUCT_NAME = "$(TARGET_NAME)";
				SWIFT_VERSION = 4.0;
				TARGETED_DEVICE_FAMILY = "1,2";
			};
			name = Release;
		};
/* End XCBuildConfiguration section */

/* Begin XCConfigurationList section */
		BFEB113120D94B73009475E7 /* Build configuration list for PBXProject "KioskProject-Tablet" */ = {
			isa = XCConfigurationList;
			buildConfigurations = (
				BFEB114620D94B75009475E7 /* Debug */,
				BFEB114720D94B75009475E7 /* Release */,
			);
			defaultConfigurationIsVisible = 0;
			defaultConfigurationName = Release;
		};
		BFEB114820D94B75009475E7 /* Build configuration list for PBXNativeTarget "KioskProject-Tablet" */ = {
			isa = XCConfigurationList;
			buildConfigurations = (
				BFEB114920D94B75009475E7 /* Debug */,
				BFEB114A20D94B75009475E7 /* Release */,
			);
			defaultConfigurationIsVisible = 0;
			defaultConfigurationName = Release;
		};
/* End XCConfigurationList section */
	};
	rootObject = BFEB112E20D94B73009475E7 /* Project object */;
}
